
Microsoft Visual Studio Solution File, Format Version 12.00
# Visual Studio Version 17
VisualStudioVersion = 17.9.34723.18
MinimumVisualStudioVersion = 10.0.40219.1
Project("{FAE04EC0-301F-11D3-BF4B-00C04F79EFBC}") = "BikeRentalManagement_V2", "BikeRentalManagement_V2\BikeRentalManagement_V2.csproj", "{8BE194CF-3BA6-47BE-8254-FC2D4A546238}"
EndProject
Global
	GlobalSection(SolutionConfigurationPlatforms) = preSolution
		Debug|Any CPU = Debug|Any CPU
		Release|Any CPU = Release|Any CPU
	EndGlobalSection
	GlobalSection(ProjectConfigurationPlatforms) = postSolution
		{8BE194CF-3BA6-47BE-8254-FC2D4A546238}.Debug|Any CPU.ActiveCfg = Debug|Any CPU
		{8BE194CF-3BA6-47BE-8254-FC2D4A546238}.Debug|Any CPU.Build.0 = Debug|Any CPU
		{8BE194CF-3BA6-47BE-8254-FC2D4A546238}.Release|Any CPU.ActiveCfg = Release|Any CPU
		{8BE194CF-3BA6-47BE-8254-FC2D4A546238}.Release|Any CPU.Build.0 = Release|Any CPU
	EndGlobalSection
	GlobalSection(SolutionProperties) = preSolution
		HideSolutionNode = FALSE
	EndGlobalSection
	GlobalSection(ExtensibilityGlobals) = postSolution
		SolutionGuid = {32291030-0261-4147-944A-9F230A0EA1C8}
	EndGlobalSection
EndGlobal
